// !$*UTF8*$!
{
	archiveVersion = 1;
	classes = {
	};
	objectVersion = 46;
	objects = {

/* Begin PBXBuildFile section */
		79B528571538FE33003C5EF9 /* Foundation.framework in Frameworks */ = {isa = PBXBuildFile; fileRef = 79B528561538FE33003C5EF9 /* Foundation.framework */; };
		79B5285A1538FE33003C5EF9 /* main.m in Sources */ = {isa = PBXBuildFile; fileRef = 79B528591538FE33003C5EF9 /* main.m */; };
		79B5285E1538FE34003C5EF9 /* RandomPossessions.1 in CopyFiles */ = {isa = PBXBuildFile; fileRef = 79B5285D1538FE34003C5EF9 /* RandomPossessions.1 */; };
/* End PBXBuildFile section */

/* Begin PBXCopyFilesBuildPhase section */
		79B528501538FE33003C5EF9 /* CopyFiles */ = {
			isa = PBXCopyFilesBuildPhase;
			buildActionMask = 2147483647;
			dstPath = /usr/share/man/man1/;
			dstSubfolderSpec = 0;
			files = (
				79B5285E1538FE34003C5EF9 /* RandomPossessions.1 in CopyFiles */,
			);
			runOnlyForDeploymentPostprocessing = 1;
		};
/* End PBXCopyFilesBuildPhase section */

/* Begin PBXFileReference section */
		79B528521538FE33003C5EF9 /* RandomPossessions */ = {isa = PBXFileReference; explicitFileType = "compiled.mach-o.executable"; includeInIndex = 0; path = RandomPossessions; sourceTree = BUILT_PRODUCTS_DIR; };
		79B528561538FE33003C5EF9 /* Foundation.framework */ = {isa = PBXFileReference; lastKnownFileType = wrapper.framework; name = Foundation.framework; path = System/Library/Frameworks/Foundation.framework; sourceTree = SDKROOT; };
		79B528591538FE33003C5EF9 /* main.m */ = {isa = PBXFileReference; lastKnownFileType = sourcecode.c.objc; path = main.m; sourceTree = "<group>"; };
		79B5285C1538FE33003C5EF9 /* RandomPossessions-Prefix.pch */ = {isa = PBXFileReference; path = "RandomPossessions-Prefix.pch"; sourceTree = "<group>"; };
		79B5285D1538FE34003C5EF9 /* RandomPossessions.1 */ = {isa = PBXFileReference; lastKnownFileType = text.man; path = RandomPossessions.1; sourceTree = "<group>"; };
/* End PBXFileReference section */

/* Begin PBXFrameworksBuildPhase section */
		79B5284F1538FE33003C5EF9 /* Frameworks */ = {
			isa = PBXFrameworksBuildPhase;
			buildActionMask = 2147483647;
			files = (
				79B528571538FE33003C5EF9 /* Foundation.framework in Frameworks */,
			);
			runOnlyForDeploymentPostprocessing = 0;
		};
/* End PBXFrameworksBuildPhase section */

/* Begin PBXGroup section */
		79B528471538FE33003C5EF9 = {
			isa = PBXGroup;
			children = (
				79B528581538FE33003C5EF9 /* RandomPossessions */,
				79B528551538FE33003C5EF9 /* Frameworks */,
				79B528531538FE33003C5EF9 /* Products */,
			);
			sourceTree = "<group>";
		};
		79B528531538FE33003C5EF9 /* Products */ = {
			isa = PBXGroup;
			children = (
				79B528521538FE33003C5EF9 /* RandomPossessions */,
			);
			name = Products;
			sourceTree = "<group>";
		};
		79B528551538FE33003C5EF9 /* Frameworks */ = {
			isa = PBXGroup;
			children = (
				79B528561538FE33003C5EF9 /* Foundation.framework */,
			);
			name = Frameworks;
			sourceTree = "<group>";
		};
		79B528581538FE33003C5EF9 /* RandomPossessions */ = {
			isa = PBXGroup;
			children = (
				79B528591538FE33003C5EF9 /* main.m */,
				79B5285D1538FE34003C5EF9 /* RandomPossessions.1 */,
				79B5285B1538FE33003C5EF9 /* Supporting Files */,
			);
			path = RandomPossessions;
			sourceTree = "<group>";
		};
		79B5285B1538FE33003C5EF9 /* Supporting Files */ = {
			isa = PBXGroup;
			children = (
				79B5285C1538FE33003C5EF9 /* RandomPossessions-Prefix.pch */,
			);
			name = "Supporting Files";
			sourceTree = "<group>";
		};
/* End PBXGroup section */

/* Begin PBXNativeTarget section */
		79B528511538FE33003C5EF9 /* RandomPossessions */ = {
			isa = PBXNativeTarget;
			buildConfigurationList = 79B528611538FE34003C5EF9 /* Build configuration list for PBXNativeTarget "RandomPossessions" */;
			buildPhases = (
				79B5284E1538FE33003C5EF9 /* Sources */,
				79B5284F1538FE33003C5EF9 /* Frameworks */,
				79B528501538FE33003C5EF9 /* CopyFiles */,
			);
			buildRules = (
			);
			dependencies = (
			);
			name = RandomPossessions;
			productName = RandomPossessions;
			productReference = 79B528521538FE33003C5EF9 /* RandomPossessions */;
			productType = "com.apple.product-type.tool";
		};
/* End PBXNativeTarget section */

/* Begin PBXProject section */
		79B528491538FE33003C5EF9 /* Project object */ = {
			isa = PBXProject;
			attributes = {
				LastUpgradeCheck = 0430;
			};
			buildConfigurationList = 79B5284C1538FE33003C5EF9 /* Build configuration list for PBXProject "RandomPossessions" */;
			compatibilityVersion = "Xcode 3.2";
			developmentRegion = English;
			hasScannedForEncodings = 0;
			knownRegions = (
				en,
			);
			mainGroup = 79B528471538FE33003C5EF9;
			productRefGroup = 79B528531538FE33003C5EF9 /* Products */;
			projectDirPath = "";
			projectRoot = "";
			targets = (
				79B528511538FE33003C5EF9 /* RandomPossessions */,
			);
		};
/* End PBXProject section */

/* Begin PBXSourcesBuildPhase section */
		79B5284E1538FE33003C5EF9 /* Sources */ = {
			isa = PBXSourcesBuildPhase;
			buildActionMask = 2147483647;
			files = (
				79B5285A1538FE33003C5EF9 /* main.m in Sources */,
			);
			runOnlyForDeploymentPostprocessing = 0;
		};
/* End PBXSourcesBuildPhase section */

/* Begin XCBuildConfiguration section */
		79B5285F1538FE34003C5EF9 /* Debug */ = {
			isa = XCBuildConfiguration;
			buildSettings = {
				ALWAYS_SEARCH_USER_PATHS = NO;
				ARCHS = "$(ARCHS_STANDARD_64_BIT)";
				CLANG_ENABLE_OBJC_ARC = YES;
				COPY_PHASE_STRIP = NO;
				GCC_C_LANGUAGE_STANDARD = gnu99;
				GCC_DYNAMIC_NO_PIC = NO;
				GCC_ENABLE_OBJC_EXCEPTIONS = YES;
				GCC_OPTIMIZATION_LEVEL = 0;
				GCC_PREPROCESSOR_DEFINITIONS = (
					"DEBUG=1",
					"$(inherited)",
				);
				GCC_SYMBOLS_PRIVATE_EXTERN = NO;
				GCC_VERSION = com.apple.compilers.llvm.clang.1_0;
				GCC_WARN_64_TO_32_BIT_CONVERSION = YES;
				GCC_WARN_ABOUT_RETURN_TYPE = YES;
				GCC_WARN_UNINITIALIZED_AUTOS = YES;
				GCC_WARN_UNUSED_VARIABLE = YES;
				MACOSX_DEPLOYMENT_TARGET = 10.7;
				ONLY_ACTIVE_ARCH = YES;
				SDKROOT = macosx;
			};
			name = Debug;
		};
		79B528601538FE34003C5EF9 /* Release */ = {
			isa = XCBuildConfiguration;
			buildSettings = {
				ALWAYS_SEARCH_USER_PATHS = NO;
				ARCHS = "$(ARCHS_STANDARD_64_BIT)";
				CLANG_ENABLE_OBJC_ARC = YES;
				COPY_PHASE_STRIP = YES;
				DEBUG_INFORMATION_FORMAT = "dwarf-with-dsym";
				GCC_C_LANGUAGE_STANDARD = gnu99;
				GCC_ENABLE_OBJC_EXCEPTIONS = YES;
				GCC_VERSION = com.apple.compilers.llvm.clang.1_0;
				GCC_WARN_64_TO_32_BIT_CONVERSION = YES;
				GCC_WARN_ABOUT_RETURN_TYPE = YES;
				GCC_WARN_UNINITIALIZED_AUTOS = YES;
				GCC_WARN_UNUSED_VARIABLE = YES;
				MACOSX_DEPLOYMENT_TARGET = 10.7;
				SDKROOT = macosx;
			};
			name = Release;
		};
		79B528621538FE34003C5EF9 /* Debug */ = {
			isa = XCBuildConfiguration;
			buildSettings = {
				GCC_PRECOMPILE_PREFIX_HEADER = YES;
				GCC_PREFIX_HEADER = "RandomPossessions/RandomPossessions-Prefix.pch";
				PRODUCT_NAME = "$(TARGET_NAME)";
			};
			name = Debug;
		};
		79B528631538FE34003C5EF9 /* Release */ = {
			isa = XCBuildConfiguration;
			buildSettings = {
				GCC_PRECOMPILE_PREFIX_HEADER = YES;
				GCC_PREFIX_HEADER = "RandomPossessions/RandomPossessions-Prefix.pch";
				PRODUCT_NAME = "$(TARGET_NAME)";
			};
			name = Release;
		};
/* End XCBuildConfiguration section */

/* Begin XCConfigurationList section */
		79B5284C1538FE33003C5EF9 /* Build configuration list for PBXProject "RandomPossessions" */ = {
			isa = XCConfigurationList;
			buildConfigurations = (
				79B5285F1538FE34003C5EF9 /* Debug */,
				79B528601538FE34003C5EF9 /* Release */,
			);
			defaultConfigurationIsVisible = 0;
			defaultConfigurationName = Release;
		};
		79B528611538FE34003C5EF9 /* Build configuration list for PBXNativeTarget "RandomPossessions" */ = {
			isa = XCConfigurationList;
			buildConfigurations = (
				79B528621538FE34003C5EF9 /* Debug */,
				79B528631538FE34003C5EF9 /* Release */,
			);
			defaultConfigurationIsVisible = 0;
		};
/* End XCConfigurationList section */
	};
	rootObject = 79B528491538FE33003C5EF9 /* Project object */;
}
